// !$*UTF8*$!
{
	archiveVersion = 1;
	classes = {
	};
	objectVersion = 50;
	objects = {

/* Begin PBXBuildFile section */
		A918312422C2060B001037B5 /* AppDelegate.m in Sources */ = {isa = PBXBuildFile; fileRef = A918312322C2060B001037B5 /* AppDelegate.m */; };
		A918312722C2060B001037B5 /* ViewController.m in Sources */ = {isa = PBXBuildFile; fileRef = A918312622C2060B001037B5 /* ViewController.m */; };
		A918312A22C2060B001037B5 /* Main.storyboard in Resources */ = {isa = PBXBuildFile; fileRef = A918312822C2060B001037B5 /* Main.storyboard */; };
		A918312C22C2060C001037B5 /* Assets.xcassets in Resources */ = {isa = PBXBuildFile; fileRef = A918312B22C2060C001037B5 /* Assets.xcassets */; };
		A918312F22C2060C001037B5 /* LaunchScreen.storyboard in Resources */ = {isa = PBXBuildFile; fileRef = A918312D22C2060C001037B5 /* LaunchScreen.storyboard */; };
		A918313222C2060C001037B5 /* main.m in Sources */ = {isa = PBXBuildFile; fileRef = A918313122C2060C001037B5 /* main.m */; };
		A918313C22C2060C001037B5 /* PayID_demoTests.m in Sources */ = {isa = PBXBuildFile; fileRef = A918313B22C2060C001037B5 /* PayID_demoTests.m */; };
		A918314722C2060C001037B5 /* PayID_demoUITests.m in Sources */ = {isa = PBXBuildFile; fileRef = A918314622C2060C001037B5 /* PayID_demoUITests.m */; };
		A918315522C2108D001037B5 /* PayID.podspec in Resources */ = {isa = PBXBuildFile; fileRef = A918315422C2108D001037B5 /* PayID.podspec */; };
		A918317322C21FB9001037B5 /* IDFVTools.m in Sources */ = {isa = PBXBuildFile; fileRef = A918316A22C21FB9001037B5 /* IDFVTools.m */; };
		A918317422C21FB9001037B5 /* YJProgressHUD.m in Sources */ = {isa = PBXBuildFile; fileRef = A918316D22C21FB9001037B5 /* YJProgressHUD.m */; };
		A918317522C21FB9001037B5 /* images.bundle in Resources */ = {isa = PBXBuildFile; fileRef = A918316E22C21FB9001037B5 /* images.bundle */; };
/* End PBXBuildFile section */

/* Begin PBXContainerItemProxy section */
		A918313822C2060C001037B5 /* PBXContainerItemProxy */ = {
			isa = PBXContainerItemProxy;
			containerPortal = A918311722C2060B001037B5 /* Project object */;
			proxyType = 1;
			remoteGlobalIDString = A918311E22C2060B001037B5;
			remoteInfo = PayID_demo;
		};
		A918314322C2060C001037B5 /* PBXContainerItemProxy */ = {
			isa = PBXContainerItemProxy;
			containerPortal = A918311722C2060B001037B5 /* Project object */;
			proxyType = 1;
			remoteGlobalIDString = A918311E22C2060B001037B5;
			remoteInfo = PayID_demo;
		};
/* End PBXContainerItemProxy section */

/* Begin PBXFileReference section */
		A918311F22C2060B001037B5 /* PayID_demo.app */ = {isa = PBXFileReference; explicitFileType = wrapper.application; includeInIndex = 0; path = PayID_demo.app; sourceTree = BUILT_PRODUCTS_DIR; };
		A918312222C2060B001037B5 /* AppDelegate.h */ = {isa = PBXFileReference; lastKnownFileType = sourcecode.c.h; path = AppDelegate.h; sourceTree = "<group>"; };
		A918312322C2060B001037B5 /* AppDelegate.m */ = {isa = PBXFileReference; lastKnownFileType = sourcecode.c.objc; path = AppDelegate.m; sourceTree = "<group>"; };
		A918312522C2060B001037B5 /* ViewController.h */ = {isa = PBXFileReference; lastKnownFileType = sourcecode.c.h; path = ViewController.h; sourceTree = "<group>"; };
		A918312622C2060B001037B5 /* ViewController.m */ = {isa = PBXFileReference; lastKnownFileType = sourcecode.c.objc; path = ViewController.m; sourceTree = "<group>"; };
		A918312922C2060B001037B5 /* Base */ = {isa = PBXFileReference; lastKnownFileType = file.storyboard; name = Base; path = Base.lproj/Main.storyboard; sourceTree = "<group>"; };
		A918312B22C2060C001037B5 /* Assets.xcassets */ = {isa = PBXFileReference; lastKnownFileType = folder.assetcatalog; path = Assets.xcassets; sourceTree = "<group>"; };
		A918312E22C2060C001037B5 /* Base */ = {isa = PBXFileReference; lastKnownFileType = file.storyboard; name = Base; path = Base.lproj/LaunchScreen.storyboard; sourceTree = "<group>"; };
		A918313022C2060C001037B5 /* Info.plist */ = {isa = PBXFileReference; lastKnownFileType = text.plist.xml; path = Info.plist; sourceTree = "<group>"; };
		A918313122C2060C001037B5 /* main.m */ = {isa = PBXFileReference; lastKnownFileType = sourcecode.c.objc; path = main.m; sourceTree = "<group>"; };
		A918313722C2060C001037B5 /* PayID_demoTests.xctest */ = {isa = PBXFileReference; explicitFileType = wrapper.cfbundle; includeInIndex = 0; path = PayID_demoTests.xctest; sourceTree = BUILT_PRODUCTS_DIR; };
		A918313B22C2060C001037B5 /* PayID_demoTests.m */ = {isa = PBXFileReference; lastKnownFileType = sourcecode.c.objc; path = PayID_demoTests.m; sourceTree = "<group>"; };
		A918313D22C2060C001037B5 /* Info.plist */ = {isa = PBXFileReference; lastKnownFileType = text.plist.xml; path = Info.plist; sourceTree = "<group>"; };
		A918314222C2060C001037B5 /* PayID_demoUITests.xctest */ = {isa = PBXFileReference; explicitFileType = wrapper.cfbundle; includeInIndex = 0; path = PayID_demoUITests.xctest; sourceTree = BUILT_PRODUCTS_DIR; };
		A918314622C2060C001037B5 /* PayID_demoUITests.m */ = {isa = PBXFileReference; lastKnownFileType = sourcecode.c.objc; path = PayID_demoUITests.m; sourceTree = "<group>"; };
		A918314822C2060C001037B5 /* Info.plist */ = {isa = PBXFileReference; lastKnownFileType = text.plist.xml; path = Info.plist; sourceTree = "<group>"; };
		A918315422C2108D001037B5 /* PayID.podspec */ = {isa = PBXFileReference; fileEncoding = 4; lastKnownFileType = text; path = PayID.podspec; sourceTree = SOURCE_ROOT; };
		A918316A22C21FB9001037B5 /* IDFVTools.m */ = {isa = PBXFileReference; fileEncoding = 4; lastKnownFileType = sourcecode.c.objc; path = IDFVTools.m; sourceTree = "<group>"; };
		A918316B22C21FB9001037B5 /* IDFVTools.h */ = {isa = PBXFileReference; fileEncoding = 4; lastKnownFileType = sourcecode.c.h; path = IDFVTools.h; sourceTree = "<group>"; };
		A918316D22C21FB9001037B5 /* YJProgressHUD.m */ = {isa = PBXFileReference; fileEncoding = 4; lastKnownFileType = sourcecode.c.objc; path = YJProgressHUD.m; sourceTree = "<group>"; };
		A918316E22C21FB9001037B5 /* images.bundle */ = {isa = PBXFileReference; lastKnownFileType = "wrapper.plug-in"; path = images.bundle; sourceTree = "<group>"; };
		A918316F22C21FB9001037B5 /* YJProgressHUD.h */ = {isa = PBXFileReference; fileEncoding = 4; lastKnownFileType = sourcecode.c.h; path = YJProgressHUD.h; sourceTree = "<group>"; };
/* End PBXFileReference section */

/* Begin PBXFrameworksBuildPhase section */
		A918311C22C2060B001037B5 /* Frameworks */ = {
			isa = PBXFrameworksBuildPhase;
			buildActionMask = 2147483647;
			files = (
			);
			runOnlyForDeploymentPostprocessing = 0;
		};
		A918313422C2060C001037B5 /* Frameworks */ = {
			isa = PBXFrameworksBuildPhase;
			buildActionMask = 2147483647;
			files = (
			);
			runOnlyForDeploymentPostprocessing = 0;
		};
		A918313F22C2060C001037B5 /* Frameworks */ = {
			isa = PBXFrameworksBuildPhase;
			buildActionMask = 2147483647;
			files = (
			);
			runOnlyForDeploymentPostprocessing = 0;
		};
/* End PBXFrameworksBuildPhase section */

/* Begin PBXGroup section */
		A918311622C2060B001037B5 = {
			isa = PBXGroup;
			children = (
				A918312122C2060B001037B5 /* PayID_demo */,
				A918313A22C2060C001037B5 /* PayID_demoTests */,
				A918314522C2060C001037B5 /* PayID_demoUITests */,
				A918312022C2060B001037B5 /* Products */,
			);
			sourceTree = "<group>";
		};
		A918312022C2060B001037B5 /* Products */ = {
			isa = PBXGroup;
			children = (
				A918311F22C2060B001037B5 /* PayID_demo.app */,
				A918313722C2060C001037B5 /* PayID_demoTests.xctest */,
				A918314222C2060C001037B5 /* PayID_demoUITests.xctest */,
			);
			name = Products;
			sourceTree = "<group>";
		};
		A918312122C2060B001037B5 /* PayID_demo */ = {
			isa = PBXGroup;
			children = (
				A918316822C21FB9001037B5 /* PayID */,
				A918315422C2108D001037B5 /* PayID.podspec */,
				A918312222C2060B001037B5 /* AppDelegate.h */,
				A918312322C2060B001037B5 /* AppDelegate.m */,
				A918312522C2060B001037B5 /* ViewController.h */,
				A918312622C2060B001037B5 /* ViewController.m */,
				A918312822C2060B001037B5 /* Main.storyboard */,
				A918312B22C2060C001037B5 /* Assets.xcassets */,
				A918312D22C2060C001037B5 /* LaunchScreen.storyboard */,
				A918313022C2060C001037B5 /* Info.plist */,
				A918313122C2060C001037B5 /* main.m */,
			);
			path = PayID_demo;
			sourceTree = "<group>";
		};
		A918313A22C2060C001037B5 /* PayID_demoTests */ = {
			isa = PBXGroup;
			children = (
				A918313B22C2060C001037B5 /* PayID_demoTests.m */,
				A918313D22C2060C001037B5 /* Info.plist */,
			);
			path = PayID_demoTests;
			sourceTree = "<group>";
		};
		A918314522C2060C001037B5 /* PayID_demoUITests */ = {
			isa = PBXGroup;
			children = (
				A918314622C2060C001037B5 /* PayID_demoUITests.m */,
				A918314822C2060C001037B5 /* Info.plist */,
			);
			path = PayID_demoUITests;
			sourceTree = "<group>";
		};
		A918316822C21FB9001037B5 /* PayID */ = {
			isa = PBXGroup;
			children = (
				A918316D22C21FB9001037B5 /* YJProgressHUD.m */,
				A918316E22C21FB9001037B5 /* images.bundle */,
				A918316F22C21FB9001037B5 /* YJProgressHUD.h */,
				A918316B22C21FB9001037B5 /* IDFVTools.h */,
				A918316A22C21FB9001037B5 /* IDFVTools.m */,
				A918316922C21FB9001037B5 /* IDFVTools */,
				A918316C22C21FB9001037B5 /* HUD_module */,
			);
			path = PayID;
			sourceTree = "<group>";
		};
		A918316922C21FB9001037B5 /* IDFVTools */ = {
			isa = PBXGroup;
			children = (
			);
			path = IDFVTools;
			sourceTree = "<group>";
		};
		A918316C22C21FB9001037B5 /* HUD_module */ = {
			isa = PBXGroup;
			children = (
			);
			path = HUD_module;
			sourceTree = "<group>";
		};
/* End PBXGroup section */

/* Begin PBXNativeTarget section */
		A918311E22C2060B001037B5 /* PayID_demo */ = {
			isa = PBXNativeTarget;
			buildConfigurationList = A918314B22C2060C001037B5 /* Build configuration list for PBXNativeTarget "PayID_demo" */;
			buildPhases = (
				A918311B22C2060B001037B5 /* Sources */,
				A918311C22C2060B001037B5 /* Frameworks */,
				A918311D22C2060B001037B5 /* Resources */,
			);
			buildRules = (
			);
			dependencies = (
			);
			name = PayID_demo;
			productName = PayID_demo;
			productReference = A918311F22C2060B001037B5 /* PayID_demo.app */;
			productType = "com.apple.product-type.application";
		};
		A918313622C2060C001037B5 /* PayID_demoTests */ = {
			isa = PBXNativeTarget;
			buildConfigurationList = A918314E22C2060C001037B5 /* Build configuration list for PBXNativeTarget "PayID_demoTests" */;
			buildPhases = (
				A918313322C2060C001037B5 /* Sources */,
				A918313422C2060C001037B5 /* Frameworks */,
				A918313522C2060C001037B5 /* Resources */,
			);
			buildRules = (
			);
			dependencies = (
				A918313922C2060C001037B5 /* PBXTargetDependency */,
			);
			name = PayID_demoTests;
			productName = PayID_demoTests;
			productReference = A918313722C2060C001037B5 /* PayID_demoTests.xctest */;
			productType = "com.apple.product-type.bundle.unit-test";
		};
		A918314122C2060C001037B5 /* PayID_demoUITests */ = {
			isa = PBXNativeTarget;
			buildConfigurationList = A918315122C2060C001037B5 /* Build configuration list for PBXNativeTarget "PayID_demoUITests" */;
			buildPhases = (
				A918313E22C2060C001037B5 /* Sources */,
				A918313F22C2060C001037B5 /* Frameworks */,
				A918314022C2060C001037B5 /* Resources */,
			);
			buildRules = (
			);
			dependencies = (
				A918314422C2060C001037B5 /* PBXTargetDependency */,
			);
			name = PayID_demoUITests;
			productName = PayID_demoUITests;
			productReference = A918314222C2060C001037B5 /* PayID_demoUITests.xctest */;
			productType = "com.apple.product-type.bundle.ui-testing";
		};
/* End PBXNativeTarget section */

/* Begin PBXProject section */
		A918311722C2060B001037B5 /* Project object */ = {
			isa = PBXProject;
			attributes = {
				LastUpgradeCheck = 1010;
				ORGANIZATIONNAME = Bill;
				TargetAttributes = {
					A918311E22C2060B001037B5 = {
						CreatedOnToolsVersion = 10.1;
					};
					A918313622C2060C001037B5 = {
						CreatedOnToolsVersion = 10.1;
						TestTargetID = A918311E22C2060B001037B5;
					};
					A918314122C2060C001037B5 = {
						CreatedOnToolsVersion = 10.1;
						TestTargetID = A918311E22C2060B001037B5;
					};
				};
			};
			buildConfigurationList = A918311A22C2060B001037B5 /* Build configuration list for PBXProject "PayID_demo" */;
			compatibilityVersion = "Xcode 9.3";
			developmentRegion = en;
			hasScannedForEncodings = 0;
			knownRegions = (
				en,
				Base,
			);
			mainGroup = A918311622C2060B001037B5;
			productRefGroup = A918312022C2060B001037B5 /* Products */;
			projectDirPath = "";
			projectRoot = "";
			targets = (
				A918311E22C2060B001037B5 /* PayID_demo */,
				A918313622C2060C001037B5 /* PayID_demoTests */,
				A918314122C2060C001037B5 /* PayID_demoUITests */,
			);
		};
/* End PBXProject section */

/* Begin PBXResourcesBuildPhase section */
		A918311D22C2060B001037B5 /* Resources */ = {
			isa = PBXResourcesBuildPhase;
			buildActionMask = 2147483647;
			files = (
				A918317522C21FB9001037B5 /* images.bundle in Resources */,
				A918315522C2108D001037B5 /* PayID.podspec in Resources */,
				A918312F22C2060C001037B5 /* LaunchScreen.storyboard in Resources */,
				A918312C22C2060C001037B5 /* Assets.xcassets in Resources */,
				A918312A22C2060B001037B5 /* Main.storyboard in Resources */,
			);
			runOnlyForDeploymentPostprocessing = 0;
		};
		A918313522C2060C001037B5 /* Resources */ = {
			isa = PBXResourcesBuildPhase;
			buildActionMask = 2147483647;
			files = (
			);
			runOnlyForDeploymentPostprocessing = 0;
		};
		A918314022C2060C001037B5 /* Resources */ = {
			isa = PBXResourcesBuildPhase;
			buildActionMask = 2147483647;
			files = (
			);
			runOnlyForDeploymentPostprocessing = 0;
		};
/* End PBXResourcesBuildPhase section */

/* Begin PBXSourcesBuildPhase section */
		A918311B22C2060B001037B5 /* Sources */ = {
			isa = PBXSourcesBuildPhase;
			buildActionMask = 2147483647;
			files = (
				A918317322C21FB9001037B5 /* IDFVTools.m in Sources */,
				A918317422C21FB9001037B5 /* YJProgressHUD.m in Sources */,
				A918312722C2060B001037B5 /* ViewController.m in Sources */,
				A918313222C2060C001037B5 /* main.m in Sources */,
				A918312422C2060B001037B5 /* AppDelegate.m in Sources */,
			);
			runOnlyForDeploymentPostprocessing = 0;
		};
		A918313322C2060C001037B5 /* Sources */ = {
			isa = PBXSourcesBuildPhase;
			buildActionMask = 2147483647;
			files = (
				A918313C22C2060C001037B5 /* PayID_demoTests.m in Sources */,
			);
			runOnlyForDeploymentPostprocessing = 0;
		};
		A918313E22C2060C001037B5 /* Sources */ = {
			isa = PBXSourcesBuildPhase;
			buildActionMask = 2147483647;
			files = (
				A918314722C2060C001037B5 /* PayID_demoUITests.m in Sources */,
			);
			runOnlyForDeploymentPostprocessing = 0;
		};
/* End PBXSourcesBuildPhase section */

/* Begin PBXTargetDependency section */
		A918313922C2060C001037B5 /* PBXTargetDependency */ = {
			isa = PBXTargetDependency;
			target = A918311E22C2060B001037B5 /* PayID_demo */;
			targetProxy = A918313822C2060C001037B5 /* PBXContainerItemProxy */;
		};
		A918314422C2060C001037B5 /* PBXTargetDependency */ = {
			isa = PBXTargetDependency;
			target = A918311E22C2060B001037B5 /* PayID_demo */;
			targetProxy = A918314322C2060C001037B5 /* PBXContainerItemProxy */;
		};
/* End PBXTargetDependency section */

/* Begin PBXVariantGroup section */
		A918312822C2060B001037B5 /* Main.storyboard */ = {
			isa = PBXVariantGroup;
			children = (
				A918312922C2060B001037B5 /* Base */,
			);
			name = Main.storyboard;
			sourceTree = "<group>";
		};
		A918312D22C2060C001037B5 /* LaunchScreen.storyboard */ = {
			isa = PBXVariantGroup;
			children = (
				A918312E22C2060C001037B5 /* Base */,
			);
			name = LaunchScreen.storyboard;
			sourceTree = "<group>";
		};
/* End PBXVariantGroup section */

/* Begin XCBuildConfiguration section */
		A918314922C2060C001037B5 /* Debug */ = {
			isa = XCBuildConfiguration;
			buildSettings = {
				ALWAYS_SEARCH_USER_PATHS = NO;
				CLANG_ANALYZER_NONNULL = YES;
				CLANG_ANALYZER_NUMBER_OBJECT_CONVERSION = YES_AGGRESSIVE;
				CLANG_CXX_LANGUAGE_STANDARD = "gnu++14";
				CLANG_CXX_LIBRARY = "libc++";
				CLANG_ENABLE_MODULES = YES;
				CLANG_ENABLE_OBJC_ARC = YES;
				CLANG_ENABLE_OBJC_WEAK = YES;
				CLANG_WARN_BLOCK_CAPTURE_AUTORELEASING = YES;
				CLANG_WARN_BOOL_CONVERSION = YES;
				CLANG_WARN_COMMA = YES;
				CLANG_WARN_CONSTANT_CONVERSION = YES;
				CLANG_WARN_DEPRECATED_OBJC_IMPLEMENTATIONS = YES;
				CLANG_WARN_DIRECT_OBJC_ISA_USAGE = YES_ERROR;
				CLANG_WARN_DOCUMENTATION_COMMENTS = YES;
				CLANG_WARN_EMPTY_BODY = YES;
				CLANG_WARN_ENUM_CONVERSION = YES;
				CLANG_WARN_INFINITE_RECURSION = YES;
				CLANG_WARN_INT_CONVERSION = YES;
				CLANG_WARN_NON_LITERAL_NULL_CONVERSION = YES;
				CLANG_WARN_OBJC_IMPLICIT_RETAIN_SELF = YES;
				CLANG_WARN_OBJC_LITERAL_CONVERSION = YES;
				CLANG_WARN_OBJC_ROOT_CLASS = YES_ERROR;
				CLANG_WARN_RANGE_LOOP_ANALYSIS = YES;
				CLANG_WARN_STRICT_PROTOTYPES = YES;
				CLANG_WARN_SUSPICIOUS_MOVE = YES;
				CLANG_WARN_UNGUARDED_AVAILABILITY = YES_AGGRESSIVE;
				CLANG_WARN_UNREACHABLE_CODE = YES;
				CLANG_WARN__DUPLICATE_METHOD_MATCH = YES;
				CODE_SIGN_IDENTITY = "iPhone Developer";
				COPY_PHASE_STRIP = NO;
				DEBUG_INFORMATION_FORMAT = dwarf;
				ENABLE_STRICT_OBJC_MSGSEND = YES;
				ENABLE_TESTABILITY = YES;
				GCC_C_LANGUAGE_STANDARD = gnu11;
				GCC_DYNAMIC_NO_PIC = NO;
				GCC_NO_COMMON_BLOCKS = YES;
				GCC_OPTIMIZATION_LEVEL = 0;
				GCC_PREPROCESSOR_DEFINITIONS = (
					"DEBUG=1",
					"$(inherited)",
				);
				GCC_WARN_64_TO_32_BIT_CONVERSION = YES;
				GCC_WARN_ABOUT_RETURN_TYPE = YES_ERROR;
				GCC_WARN_UNDECLARED_SELECTOR = YES;
				GCC_WARN_UNINITIALIZED_AUTOS = YES_AGGRESSIVE;
				GCC_WARN_UNUSED_FUNCTION = YES;
				GCC_WARN_UNUSED_VARIABLE = YES;
				IPHONEOS_DEPLOYMENT_TARGET = 12.1;
				MTL_ENABLE_DEBUG_INFO = INCLUDE_SOURCE;
				MTL_FAST_MATH = YES;
				ONLY_ACTIVE_ARCH = YES;
				SDKROOT = iphoneos;
			};
			name = Debug;
		};
		A918314A22C2060C001037B5 /* Release */ = {
			isa = XCBuildConfiguration;
			buildSettings = {
				ALWAYS_SEARCH_USER_PATHS = NO;
				CLANG_ANALYZER_NONNULL = YES;
				CLANG_ANALYZER_NUMBER_OBJECT_CONVERSION = YES_AGGRESSIVE;
				CLANG_CXX_LANGUAGE_STANDARD = "gnu++14";
				CLANG_CXX_LIBRARY = "libc++";
				CLANG_ENABLE_MODULES = YES;
				CLANG_ENABLE_OBJC_ARC = YES;
				CLANG_ENABLE_OBJC_WEAK = YES;
				CLANG_WARN_BLOCK_CAPTURE_AUTORELEASING = YES;
				CLANG_WARN_BOOL_CONVERSION = YES;
				CLANG_WARN_COMMA = YES;
				CLANG_WARN_CONSTANT_CONVERSION = YES;
				CLANG_WARN_DEPRECATED_OBJC_IMPLEMENTATIONS = YES;
				CLANG_WARN_DIRECT_OBJC_ISA_USAGE = YES_ERROR;
				CLANG_WARN_DOCUMENTATION_COMMENTS = YES;
				CLANG_WARN_EMPTY_BODY = YES;
				CLANG_WARN_ENUM_CONVERSION = YES;
				CLANG_WARN_INFINITE_RECURSION = YES;
				CLANG_WARN_INT_CONVERSION = YES;
				CLANG_WARN_NON_LITERAL_NULL_CONVERSION = YES;
				CLANG_WARN_OBJC_IMPLICIT_RETAIN_SELF = YES;
				CLANG_WARN_OBJC_LITERAL_CONVERSION = YES;
				CLANG_WARN_OBJC_ROOT_CLASS = YES_ERROR;
				CLANG_WARN_RANGE_LOOP_ANALYSIS = YES;
				CLANG_WARN_STRICT_PROTOTYPES = YES;
				CLANG_WARN_SUSPICIOUS_MOVE = YES;
				CLANG_WARN_UNGUARDED_AVAILABILITY = YES_AGGRESSIVE;
				CLANG_WARN_UNREACHABLE_CODE = YES;
				CLANG_WARN__DUPLICATE_METHOD_MATCH = YES;
				CODE_SIGN_IDENTITY = "iPhone Developer";
				COPY_PHASE_STRIP = NO;
				DEBUG_INFORMATION_FORMAT = "dwarf-with-dsym";
				ENABLE_NS_ASSERTIONS = NO;
				ENABLE_STRICT_OBJC_MSGSEND = YES;
				GCC_C_LANGUAGE_STANDARD = gnu11;
				GCC_NO_COMMON_BLOCKS = YES;
				GCC_WARN_64_TO_32_BIT_CONVERSION = YES;
				GCC_WARN_ABOUT_RETURN_TYPE = YES_ERROR;
				GCC_WARN_UNDECLARED_SELECTOR = YES;
				GCC_WARN_UNINITIALIZED_AUTOS = YES_AGGRESSIVE;
				GCC_WARN_UNUSED_FUNCTION = YES;
				GCC_WARN_UNUSED_VARIABLE = YES;
				IPHONEOS_DEPLOYMENT_TARGET = 12.1;
				MTL_ENABLE_DEBUG_INFO = NO;
				MTL_FAST_MATH = YES;
				SDKROOT = iphoneos;
				VALIDATE_PRODUCT = YES;
			};
			name = Release;
		};
		A918314C22C2060C001037B5 /* Debug */ = {
			isa = XCBuildConfiguration;
			buildSettings = {
				ASSETCATALOG_COMPILER_APPICON_NAME = AppIcon;
				CODE_SIGN_STYLE = Automatic;
				INFOPLIST_FILE = PayID_demo/Info.plist;
				IPHONEOS_DEPLOYMENT_TARGET = 8.0;
				LD_RUNPATH_SEARCH_PATHS = (
					"$(inherited)",
					"@executable_path/Frameworks",
				);
				PRODUCT_BUNDLE_IDENTIFIER = "com.bi.yong.PayID-demo";
				PRODUCT_NAME = "$(TARGET_NAME)";
				TARGETED_DEVICE_FAMILY = "1,2";
			};
			name = Debug;
		};
		A918314D22C2060C001037B5 /* Release */ = {
			isa = XCBuildConfiguration;
			buildSettings = {
				ASSETCATALOG_COMPILER_APPICON_NAME = AppIcon;
				CODE_SIGN_STYLE = Automatic;
				INFOPLIST_FILE = PayID_demo/Info.plist;
				IPHONEOS_DEPLOYMENT_TARGET = 8.0;
				LD_RUNPATH_SEARCH_PATHS = (
					"$(inherited)",
					"@executable_path/Frameworks",
				);
				PRODUCT_BUNDLE_IDENTIFIER = "com.bi.yong.PayID-demo";
				PRODUCT_NAME = "$(TARGET_NAME)";
				TARGETED_DEVICE_FAMILY = "1,2";
			};
			name = Release;
		};
		A918314F22C2060C001037B5 /* Debug */ = {
			isa = XCBuildConfiguration;
			buildSettings = {
				BUNDLE_LOADER = "$(TEST_HOST)";
				CODE_SIGN_STYLE = Automatic;
				INFOPLIST_FILE = PayID_demoTests/Info.plist;
				LD_RUNPATH_SEARCH_PATHS = (
					"$(inherited)",
					"@executable_path/Frameworks",
					"@loader_path/Frameworks",
				);
				PRODUCT_BUNDLE_IDENTIFIER = "com.bi.yong.PayID-demoTests";
				PRODUCT_NAME = "$(TARGET_NAME)";
				TARGETED_DEVICE_FAMILY = "1,2";
				TEST_HOST = "$(BUILT_PRODUCTS_DIR)/PayID_demo.app/PayID_demo";
			};
			name = Debug;
		};
		A918315022C2060C001037B5 /* Release */ = {
			isa = XCBuildConfiguration;
			buildSettings = {
				BUNDLE_LOADER = "$(TEST_HOST)";
				CODE_SIGN_STYLE = Automatic;
				INFOPLIST_FILE = PayID_demoTests/Info.plist;
				LD_RUNPATH_SEARCH_PATHS = (
					"$(inherited)",
					"@executable_path/Frameworks",
					"@loader_path/Frameworks",
				);
				PRODUCT_BUNDLE_IDENTIFIER = "com.bi.yong.PayID-demoTests";
				PRODUCT_NAME = "$(TARGET_NAME)";
				TARGETED_DEVICE_FAMILY = "1,2";
				TEST_HOST = "$(BUILT_PRODUCTS_DIR)/PayID_demo.app/PayID_demo";
			};
			name = Release;
		};
		A918315222C2060C001037B5 /* Debug */ = {
			isa = XCBuildConfiguration;
			buildSettings = {
				CODE_SIGN_STYLE = Automatic;
				INFOPLIST_FILE = PayID_demoUITests/Info.plist;
				LD_RUNPATH_SEARCH_PATHS = (
					"$(inherited)",
					"@executable_path/Frameworks",
					"@loader_path/Frameworks",
				);
				PRODUCT_BUNDLE_IDENTIFIER = "com.bi.yong.PayID-demoUITests";
				PRODUCT_NAME = "$(TARGET_NAME)";
				TARGETED_DEVICE_FAMILY = "1,2";
				TEST_TARGET_NAME = PayID_demo;
			};
			name = Debug;
		};
		A918315322C2060C001037B5 /* Release */ = {
			isa = XCBuildConfiguration;
			buildSettings = {
				CODE_SIGN_STYLE = Automatic;
				INFOPLIST_FILE = PayID_demoUITests/Info.plist;
				LD_RUNPATH_SEARCH_PATHS = (
					"$(inherited)",
					"@executable_path/Frameworks",
					"@loader_path/Frameworks",
				);
				PRODUCT_BUNDLE_IDENTIFIER = "com.bi.yong.PayID-demoUITests";
				PRODUCT_NAME = "$(TARGET_NAME)";
				TARGETED_DEVICE_FAMILY = "1,2";
				TEST_TARGET_NAME = PayID_demo;
			};
			name = Release;
		};
/* End XCBuildConfiguration section */

/* Begin XCConfigurationList section */
		A918311A22C2060B001037B5 /* Build configuration list for PBXProject "PayID_demo" */ = {
			isa = XCConfigurationList;
			buildConfigurations = (
				A918314922C2060C001037B5 /* Debug */,
				A918314A22C2060C001037B5 /* Release */,
			);
			defaultConfigurationIsVisible = 0;
			defaultConfigurationName = Release;
		};
		A918314B22C2060C001037B5 /* Build configuration list for PBXNativeTarget "PayID_demo" */ = {
			isa = XCConfigurationList;
			buildConfigurations = (
				A918314C22C2060C001037B5 /* Debug */,
				A918314D22C2060C001037B5 /* Release */,
			);
			defaultConfigurationIsVisible = 0;
			defaultConfigurationName = Release;
		};
		A918314E22C2060C001037B5 /* Build configuration list for PBXNativeTarget "PayID_demoTests" */ = {
			isa = XCConfigurationList;
			buildConfigurations = (
				A918314F22C2060C001037B5 /* Debug */,
				A918315022C2060C001037B5 /* Release */,
			);
			defaultConfigurationIsVisible = 0;
			defaultConfigurationName = Release;
		};
		A918315122C2060C001037B5 /* Build configuration list for PBXNativeTarget "PayID_demoUITests" */ = {
			isa = XCConfigurationList;
			buildConfigurations = (
				A918315222C2060C001037B5 /* Debug */,
				A918315322C2060C001037B5 /* Release */,
			);
			defaultConfigurationIsVisible = 0;
			defaultConfigurationName = Release;
		};
/* End XCConfigurationList section */
	};
	rootObject = A918311722C2060B001037B5 /* Project object */;
}
